// !$*UTF8*$!
{
	archiveVersion = 1;
	classes = {
	};
	objectVersion = 56;
	objects = {

/* Begin PBXBuildFile section */
		111111111111111111111101 /* MacMouseHostApp.swift in Sources */ = {isa = PBXBuildFile; fileRef = 111111111111111111111001 /* MacMouseHostApp.swift */; };
		111111111111111111111102 /* HostView.swift in Sources */ = {isa = PBXBuildFile; fileRef = 111111111111111111111002 /* HostView.swift */; };
		111111111111111111111103 /* PeerHost.swift in Sources */ = {isa = PBXBuildFile; fileRef = 111111111111111111111003 /* PeerHost.swift */; };
		111111111111111111111104 /* MouseController.swift in Sources */ = {isa = PBXBuildFile; fileRef = 111111111111111111111004 /* MouseController.swift */; };
		111111111111111111111105 /* VolumeController.swift in Sources */ = {isa = PBXBuildFile; fileRef = 111111111111111111111005 /* VolumeController.swift */; };
		111111111111111111111106 /* RemoteMessage.swift in Sources */ = {isa = PBXBuildFile; fileRef = 333333333333333333333001 /* RemoteMessage.swift */; };
		222222222222222222222101 /* PhoneMousePadApp.swift in Sources */ = {isa = PBXBuildFile; fileRef = 222222222222222222222001 /* PhoneMousePadApp.swift */; };
		222222222222222222222102 /* PadView.swift in Sources */ = {isa = PBXBuildFile; fileRef = 222222222222222222222002 /* PadView.swift */; };
		222222222222222222222103 /* PeerClient.swift in Sources */ = {isa = PBXBuildFile; fileRef = 222222222222222222222003 /* PeerClient.swift */; };
		222222222222222222222104 /* VolumeButtonBridge.swift in Sources */ = {isa = PBXBuildFile; fileRef = 222222222222222222222004 /* VolumeButtonBridge.swift */; };
		222222222222222222222105 /* RemoteMessage.swift in Sources */ = {isa = PBXBuildFile; fileRef = 333333333333333333333001 /* RemoteMessage.swift */; };
		222222222222222222222106 /* TrackpadSurface.swift in Sources */ = {isa = PBXBuildFile; fileRef = 222222222222222222222006 /* TrackpadSurface.swift */; };
/* End PBXBuildFile section */

/* Begin PBXFileReference section */
		111111111111111111111001 /* MacMouseHostApp.swift */ = {isa = PBXFileReference; lastKnownFileType = sourcecode.swift; path = MacMouseHostApp.swift; sourceTree = "<group>"; };
		111111111111111111111002 /* HostView.swift */ = {isa = PBXFileReference; lastKnownFileType = sourcecode.swift; path = HostView.swift; sourceTree = "<group>"; };
		111111111111111111111003 /* PeerHost.swift */ = {isa = PBXFileReference; lastKnownFileType = sourcecode.swift; path = PeerHost.swift; sourceTree = "<group>"; };
		111111111111111111111004 /* MouseController.swift */ = {isa = PBXFileReference; lastKnownFileType = sourcecode.swift; path = MouseController.swift; sourceTree = "<group>"; };
		111111111111111111111005 /* VolumeController.swift */ = {isa = PBXFileReference; lastKnownFileType = sourcecode.swift; path = VolumeController.swift; sourceTree = "<group>"; };
		111111111111111111111006 /* Info.plist */ = {isa = PBXFileReference; lastKnownFileType = text.plist.xml; path = Info.plist; sourceTree = "<group>"; };
		111111111111111111111201 /* MacMouseHost.app */ = {isa = PBXFileReference; explicitFileType = wrapper.application; includeInIndex = 0; path = MacMouseHost.app; sourceTree = BUILT_PRODUCTS_DIR; };
		222222222222222222222001 /* PhoneMousePadApp.swift */ = {isa = PBXFileReference; lastKnownFileType = sourcecode.swift; path = PhoneMousePadApp.swift; sourceTree = "<group>"; };
		222222222222222222222002 /* PadView.swift */ = {isa = PBXFileReference; lastKnownFileType = sourcecode.swift; path = PadView.swift; sourceTree = "<group>"; };
		222222222222222222222003 /* PeerClient.swift */ = {isa = PBXFileReference; lastKnownFileType = sourcecode.swift; path = PeerClient.swift; sourceTree = "<group>"; };
		222222222222222222222004 /* VolumeButtonBridge.swift */ = {isa = PBXFileReference; lastKnownFileType = sourcecode.swift; path = VolumeButtonBridge.swift; sourceTree = "<group>"; };
		222222222222222222222005 /* Info.plist */ = {isa = PBXFileReference; lastKnownFileType = text.plist.xml; path = Info.plist; sourceTree = "<group>"; };
		222222222222222222222006 /* TrackpadSurface.swift */ = {isa = PBXFileReference; lastKnownFileType = sourcecode.swift; path = TrackpadSurface.swift; sourceTree = "<group>"; };
		222222222222222222222201 /* PhoneMousePad.app */ = {isa = PBXFileReference; explicitFileType = wrapper.application; includeInIndex = 0; path = PhoneMousePad.app; sourceTree = BUILT_PRODUCTS_DIR; };
		333333333333333333333001 /* RemoteMessage.swift */ = {isa = PBXFileReference; lastKnownFileType = sourcecode.swift; path = RemoteMessage.swift; sourceTree = "<group>"; };
/* End PBXFileReference section */

/* Begin PBXFrameworksBuildPhase section */
		111111111111111111111301 /* Frameworks */ = {
			isa = PBXFrameworksBuildPhase;
			buildActionMask = 2147483647;
			files = (
			);
			runOnlyForDeploymentPostprocessing = 0;
		};
		222222222222222222222301 /* Frameworks */ = {
			isa = PBXFrameworksBuildPhase;
			buildActionMask = 2147483647;
			files = (
			);
			runOnlyForDeploymentPostprocessing = 0;
		};
/* End PBXFrameworksBuildPhase section */

/* Begin PBXGroup section */
		000000000000000000000001 = {
			isa = PBXGroup;
			children = (
				111111111111111111111401 /* MacMouseHost */,
				222222222222222222222401 /* PhoneMousePad */,
				333333333333333333333401 /* Shared */,
				000000000000000000000002 /* Products */,
			);
			sourceTree = "<group>";
		};
		000000000000000000000002 /* Products */ = {
			isa = PBXGroup;
			children = (
				111111111111111111111201 /* MacMouseHost.app */,
				222222222222222222222201 /* PhoneMousePad.app */,
			);
			name = Products;
			sourceTree = "<group>";
		};
		111111111111111111111401 /* MacMouseHost */ = {
			isa = PBXGroup;
			children = (
				111111111111111111111001 /* MacMouseHostApp.swift */,
				111111111111111111111002 /* HostView.swift */,
				111111111111111111111003 /* PeerHost.swift */,
				111111111111111111111004 /* MouseController.swift */,
				111111111111111111111005 /* VolumeController.swift */,
				111111111111111111111006 /* Info.plist */,
			);
			path = MacMouseHost;
			sourceTree = "<group>";
		};
		222222222222222222222401 /* PhoneMousePad */ = {
			isa = PBXGroup;
			children = (
				222222222222222222222001 /* PhoneMousePadApp.swift */,
				222222222222222222222002 /* PadView.swift */,
				222222222222222222222006 /* TrackpadSurface.swift */,
				222222222222222222222003 /* PeerClient.swift */,
				222222222222222222222004 /* VolumeButtonBridge.swift */,
				222222222222222222222005 /* Info.plist */,
			);
			path = PhoneMousePad;
			sourceTree = "<group>";
		};
		333333333333333333333401 /* Shared */ = {
			isa = PBXGroup;
			children = (
				333333333333333333333001 /* RemoteMessage.swift */,
			);
			path = Shared;
			sourceTree = "<group>";
		};
/* End PBXGroup section */

/* Begin PBXNativeTarget section */
		111111111111111111111501 /* MacMouseHost */ = {
			isa = PBXNativeTarget;
			buildConfigurationList = 111111111111111111111901 /* Build configuration list for PBXNativeTarget "MacMouseHost" */;
			buildPhases = (
				111111111111111111111601 /* Sources */,
				111111111111111111111301 /* Frameworks */,
				111111111111111111111701 /* Resources */,
			);
			buildRules = (
			);
			dependencies = (
			);
			name = MacMouseHost;
			productName = MacMouseHost;
			productReference = 111111111111111111111201 /* MacMouseHost.app */;
			productType = "com.apple.product-type.application";
		};
		222222222222222222222501 /* PhoneMousePad */ = {
			isa = PBXNativeTarget;
			buildConfigurationList = 222222222222222222222901 /* Build configuration list for PBXNativeTarget "PhoneMousePad" */;
			buildPhases = (
				222222222222222222222601 /* Sources */,
				222222222222222222222301 /* Frameworks */,
				222222222222222222222701 /* Resources */,
			);
			buildRules = (
			);
			dependencies = (
			);
			name = PhoneMousePad;
			productName = PhoneMousePad;
			productReference = 222222222222222222222201 /* PhoneMousePad.app */;
			productType = "com.apple.product-type.application";
		};
/* End PBXNativeTarget section */

/* Begin PBXProject section */
		000000000000000000000003 /* Project object */ = {
			isa = PBXProject;
			attributes = {
				BuildIndependentTargetsInParallel = 1;
				LastSwiftUpdateCheck = 1540;
				LastUpgradeCheck = 1540;
				TargetAttributes = {
					111111111111111111111501 = {
						CreatedOnToolsVersion = 15.4;
					};
					222222222222222222222501 = {
						CreatedOnToolsVersion = 15.4;
					};
				};
			};
			buildConfigurationList = 000000000000000000000004 /* Build configuration list for PBXProject "MousePhone" */;
			compatibilityVersion = "Xcode 14.0";
			developmentRegion = en;
			hasScannedForEncodings = 0;
			knownRegions = (
				en,
				Base,
			);
			mainGroup = 000000000000000000000001;
			productRefGroup = 000000000000000000000002 /* Products */;
			projectDirPath = "";
			projectRoot = "";
			targets = (
				111111111111111111111501 /* MacMouseHost */,
				222222222222222222222501 /* PhoneMousePad */,
			);
		};
/* End PBXProject section */

/* Begin PBXResourcesBuildPhase section */
		111111111111111111111701 /* Resources */ = {
			isa = PBXResourcesBuildPhase;
			buildActionMask = 2147483647;
			files = (
			);
			runOnlyForDeploymentPostprocessing = 0;
		};
		222222222222222222222701 /* Resources */ = {
			isa = PBXResourcesBuildPhase;
			buildActionMask = 2147483647;
			files = (
			);
			runOnlyForDeploymentPostprocessing = 0;
		};
/* End PBXResourcesBuildPhase section */

/* Begin PBXSourcesBuildPhase section */
		111111111111111111111601 /* Sources */ = {
			isa = PBXSourcesBuildPhase;
			buildActionMask = 2147483647;
			files = (
				111111111111111111111101 /* MacMouseHostApp.swift in Sources */,
				111111111111111111111102 /* HostView.swift in Sources */,
				111111111111111111111103 /* PeerHost.swift in Sources */,
				111111111111111111111104 /* MouseController.swift in Sources */,
				111111111111111111111105 /* VolumeController.swift in Sources */,
				111111111111111111111106 /* RemoteMessage.swift in Sources */,
			);
			runOnlyForDeploymentPostprocessing = 0;
		};
		222222222222222222222601 /* Sources */ = {
			isa = PBXSourcesBuildPhase;
			buildActionMask = 2147483647;
			files = (
				222222222222222222222101 /* PhoneMousePadApp.swift in Sources */,
				222222222222222222222102 /* PadView.swift in Sources */,
				222222222222222222222103 /* PeerClient.swift in Sources */,
				222222222222222222222104 /* VolumeButtonBridge.swift in Sources */,
				222222222222222222222105 /* RemoteMessage.swift in Sources */,
				222222222222222222222106 /* TrackpadSurface.swift in Sources */,
			);
			runOnlyForDeploymentPostprocessing = 0;
		};
/* End PBXSourcesBuildPhase section */

/* Begin XCBuildConfiguration section */
		000000000000000000000101 /* Debug */ = {
			isa = XCBuildConfiguration;
			buildSettings = {
				ALWAYS_SEARCH_USER_PATHS = NO;
				CLANG_ANALYZER_NONNULL = YES;
				CLANG_ANALYZER_NUMBER_OBJECT_CONVERSION = YES_AGGRESSIVE;
				CLANG_CXX_LANGUAGE_STANDARD = "gnu++20";
				CLANG_ENABLE_MODULES = YES;
				CLANG_ENABLE_OBJC_ARC = YES;
				CLANG_ENABLE_OBJC_WEAK = YES;
				CLANG_WARN_BLOCK_CAPTURE_AUTORELEASING = YES;
				CLANG_WARN_BOOL_CONVERSION = YES;
				CLANG_WARN_COMMA = YES;
				CLANG_WARN_CONSTANT_CONVERSION = YES;
				CLANG_WARN_DEPRECATED_OBJC_IMPLEMENTATIONS = YES;
				CLANG_WARN_DIRECT_OBJC_ISA_USAGE = YES_ERROR;
				CLANG_WARN_DOCUMENTATION_COMMENTS = YES;
				CLANG_WARN_EMPTY_BODY = YES;
				CLANG_WARN_ENUM_CONVERSION = YES;
				CLANG_WARN_INFINITE_RECURSION = YES;
				CLANG_WARN_INT_CONVERSION = YES;
				CLANG_WARN_NON_LITERAL_NULL_CONVERSION = YES;
				CLANG_WARN_OBJC_IMPLICIT_RETAIN_SELF = YES;
				CLANG_WARN_OBJC_LITERAL_CONVERSION = YES;
				CLANG_WARN_OBJC_ROOT_CLASS = YES_ERROR;
				CLANG_WARN_QUOTED_INCLUDE_IN_FRAMEWORK_HEADER = YES;
				CLANG_WARN_RANGE_LOOP_ANALYSIS = YES;
				CLANG_WARN_STRICT_PROTOTYPES = YES;
				CLANG_WARN_SUSPICIOUS_MOVE = YES;
				CLANG_WARN_UNGUARDED_AVAILABILITY = YES_AGGRESSIVE;
				CLANG_WARN_UNREACHABLE_CODE = YES;
				CLANG_WARN__DUPLICATE_METHOD_MATCH = YES;
				COPY_PHASE_STRIP = NO;
				DEBUG_INFORMATION_FORMAT = dwarf;
				ENABLE_STRICT_OBJC_MSGSEND = YES;
				ENABLE_TESTABILITY = YES;
				ENABLE_USER_SCRIPT_SANDBOXING = YES;
				GCC_C_LANGUAGE_STANDARD = gnu17;
				GCC_DYNAMIC_NO_PIC = NO;
				GCC_NO_COMMON_BLOCKS = YES;
				GCC_OPTIMIZATION_LEVEL = 0;
				GCC_PREPROCESSOR_DEFINITIONS = (
					"DEBUG=1",
					"$(inherited)",
				);
				GCC_WARN_64_TO_32_BIT_CONVERSION = YES;
				GCC_WARN_ABOUT_RETURN_TYPE = YES_ERROR;
				GCC_WARN_UNDECLARED_SELECTOR = YES;
				GCC_WARN_UNINITIALIZED_AUTOS = YES_AGGRESSIVE;
				GCC_WARN_UNUSED_FUNCTION = YES;
				GCC_WARN_UNUSED_VARIABLE = YES;
				MTL_ENABLE_DEBUG_INFO = INCLUDE_SOURCE;
				MTL_FAST_MATH = YES;
				ONLY_ACTIVE_ARCH = YES;
				SDKROOT = auto;
				SWIFT_ACTIVE_COMPILATION_CONDITIONS = DEBUG;
				SWIFT_OPTIMIZATION_LEVEL = "-Onone";
			};
			name = Debug;
		};
		000000000000000000000102 /* Release */ = {
			isa = XCBuildConfiguration;
			buildSettings = {
				ALWAYS_SEARCH_USER_PATHS = NO;
				CLANG_ANALYZER_NONNULL = YES;
				CLANG_ANALYZER_NUMBER_OBJECT_CONVERSION = YES_AGGRESSIVE;
				CLANG_CXX_LANGUAGE_STANDARD = "gnu++20";
				CLANG_ENABLE_MODULES = YES;
				CLANG_ENABLE_OBJC_ARC = YES;
				CLANG_ENABLE_OBJC_WEAK = YES;
				CLANG_WARN_BLOCK_CAPTURE_AUTORELEASING = YES;
				CLANG_WARN_BOOL_CONVERSION = YES;
				CLANG_WARN_COMMA = YES;
				CLANG_WARN_CONSTANT_CONVERSION = YES;
				CLANG_WARN_DEPRECATED_OBJC_IMPLEMENTATIONS = YES;
				CLANG_WARN_DIRECT_OBJC_ISA_USAGE = YES_ERROR;
				CLANG_WARN_DOCUMENTATION_COMMENTS = YES;
				CLANG_WARN_EMPTY_BODY = YES;
				CLANG_WARN_ENUM_CONVERSION = YES;
				CLANG_WARN_INFINITE_RECURSION = YES;
				CLANG_WARN_INT_CONVERSION = YES;
				CLANG_WARN_NON_LITERAL_NULL_CONVERSION = YES;
				CLANG_WARN_OBJC_IMPLICIT_RETAIN_SELF = YES;
				CLANG_WARN_OBJC_LITERAL_CONVERSION = YES;
				CLANG_WARN_OBJC_ROOT_CLASS = YES_ERROR;
				CLANG_WARN_QUOTED_INCLUDE_IN_FRAMEWORK_HEADER = YES;
				CLANG_WARN_RANGE_LOOP_ANALYSIS = YES;
				CLANG_WARN_STRICT_PROTOTYPES = YES;
				CLANG_WARN_SUSPICIOUS_MOVE = YES;
				CLANG_WARN_UNGUARDED_AVAILABILITY = YES_AGGRESSIVE;
				CLANG_WARN_UNREACHABLE_CODE = YES;
				CLANG_WARN__DUPLICATE_METHOD_MATCH = YES;
				COPY_PHASE_STRIP = NO;
				DEBUG_INFORMATION_FORMAT = "dwarf-with-dsym";
				ENABLE_NS_ASSERTIONS = NO;
				ENABLE_STRICT_OBJC_MSGSEND = YES;
				ENABLE_USER_SCRIPT_SANDBOXING = YES;
				GCC_C_LANGUAGE_STANDARD = gnu17;
				GCC_NO_COMMON_BLOCKS = YES;
				GCC_WARN_64_TO_32_BIT_CONVERSION = YES;
				GCC_WARN_ABOUT_RETURN_TYPE = YES_ERROR;
				GCC_WARN_UNDECLARED_SELECTOR = YES;
				GCC_WARN_UNINITIALIZED_AUTOS = YES_AGGRESSIVE;
				GCC_WARN_UNUSED_FUNCTION = YES;
				GCC_WARN_UNUSED_VARIABLE = YES;
				MTL_ENABLE_DEBUG_INFO = NO;
				MTL_FAST_MATH = YES;
				SDKROOT = auto;
				SWIFT_COMPILATION_MODE = wholemodule;
				SWIFT_OPTIMIZATION_LEVEL = "-O";
				VALIDATE_PRODUCT = YES;
			};
			name = Release;
		};
		111111111111111111111801 /* Debug */ = {
			isa = XCBuildConfiguration;
			buildSettings = {
				ASSETCATALOG_COMPILER_APPICON_NAME = "";
				CODE_SIGN_ENTITLEMENTS = "";
				CODE_SIGN_STYLE = Automatic;
				COMBINE_HIDPI_IMAGES = YES;
				DEVELOPMENT_TEAM = RHM6T24HH7;
				ENABLE_HARDENED_RUNTIME = NO;
				GENERATE_INFOPLIST_FILE = NO;
				INFOPLIST_FILE = MacMouseHost/Info.plist;
				LD_RUNPATH_SEARCH_PATHS = (
					"$(inherited)",
					"@executable_path/../Frameworks",
				);
				MACOSX_DEPLOYMENT_TARGET = 13.0;
				PRODUCT_BUNDLE_IDENTIFIER = com.mousepad.mac.host;
				PRODUCT_NAME = "$(TARGET_NAME)";
				SDKROOT = macosx;
				SUPPORTED_PLATFORMS = macosx;
				SWIFT_EMIT_LOC_STRINGS = YES;
				SWIFT_VERSION = 5.0;
			};
			name = Debug;
		};
		111111111111111111111802 /* Release */ = {
			isa = XCBuildConfiguration;
			buildSettings = {
				ASSETCATALOG_COMPILER_APPICON_NAME = "";
				CODE_SIGN_ENTITLEMENTS = "";
				CODE_SIGN_STYLE = Automatic;
				COMBINE_HIDPI_IMAGES = YES;
				DEVELOPMENT_TEAM = RHM6T24HH7;
				ENABLE_HARDENED_RUNTIME = NO;
				GENERATE_INFOPLIST_FILE = NO;
				INFOPLIST_FILE = MacMouseHost/Info.plist;
				LD_RUNPATH_SEARCH_PATHS = (
					"$(inherited)",
					"@executable_path/../Frameworks",
				);
				MACOSX_DEPLOYMENT_TARGET = 13.0;
				PRODUCT_BUNDLE_IDENTIFIER = com.mousepad.mac.host;
				PRODUCT_NAME = "$(TARGET_NAME)";
				SDKROOT = macosx;
				SUPPORTED_PLATFORMS = macosx;
				SWIFT_EMIT_LOC_STRINGS = YES;
				SWIFT_VERSION = 5.0;
			};
			name = Release;
		};
		222222222222222222222801 /* Debug */ = {
			isa = XCBuildConfiguration;
			buildSettings = {
				ASSETCATALOG_COMPILER_APPICON_NAME = "";
				CODE_SIGN_STYLE = Automatic;
				DEVELOPMENT_TEAM = RHM6T24HH7;
				GENERATE_INFOPLIST_FILE = NO;
				INFOPLIST_FILE = PhoneMousePad/Info.plist;
				IPHONEOS_DEPLOYMENT_TARGET = 15.0;
				LD_RUNPATH_SEARCH_PATHS = (
					"$(inherited)",
					"@executable_path/Frameworks",
				);
				PRODUCT_BUNDLE_IDENTIFIER = com.mousepad.phone.client;
				PRODUCT_NAME = "$(TARGET_NAME)";
				SDKROOT = iphoneos;
				SUPPORTED_PLATFORMS = "iphoneos iphonesimulator";
				SWIFT_EMIT_LOC_STRINGS = YES;
				SWIFT_VERSION = 5.0;
				TARGETED_DEVICE_FAMILY = 1;
			};
			name = Debug;
		};
		222222222222222222222802 /* Release */ = {
			isa = XCBuildConfiguration;
			buildSettings = {
				ASSETCATALOG_COMPILER_APPICON_NAME = "";
				CODE_SIGN_STYLE = Automatic;
				DEVELOPMENT_TEAM = RHM6T24HH7;
				GENERATE_INFOPLIST_FILE = NO;
				INFOPLIST_FILE = PhoneMousePad/Info.plist;
				IPHONEOS_DEPLOYMENT_TARGET = 15.0;
				LD_RUNPATH_SEARCH_PATHS = (
					"$(inherited)",
					"@executable_path/Frameworks",
				);
				PRODUCT_BUNDLE_IDENTIFIER = com.mousepad.phone.client;
				PRODUCT_NAME = "$(TARGET_NAME)";
				SDKROOT = iphoneos;
				SUPPORTED_PLATFORMS = "iphoneos iphonesimulator";
				SWIFT_EMIT_LOC_STRINGS = YES;
				SWIFT_VERSION = 5.0;
				TARGETED_DEVICE_FAMILY = 1;
			};
			name = Release;
		};
/* End XCBuildConfiguration section */

/* Begin XCConfigurationList section */
		000000000000000000000004 /* Build configuration list for PBXProject "MousePhone" */ = {
			isa = XCConfigurationList;
			buildConfigurations = (
				000000000000000000000101 /* Debug */,
				000000000000000000000102 /* Release */,
			);
			defaultConfigurationIsVisible = 0;
			defaultConfigurationName = Release;
		};
		111111111111111111111901 /* Build configuration list for PBXNativeTarget "MacMouseHost" */ = {
			isa = XCConfigurationList;
			buildConfigurations = (
				111111111111111111111801 /* Debug */,
				111111111111111111111802 /* Release */,
			);
			defaultConfigurationIsVisible = 0;
			defaultConfigurationName = Release;
		};
		222222222222222222222901 /* Build configuration list for PBXNativeTarget "PhoneMousePad" */ = {
			isa = XCConfigurationList;
			buildConfigurations = (
				222222222222222222222801 /* Debug */,
				222222222222222222222802 /* Release */,
			);
			defaultConfigurationIsVisible = 0;
			defaultConfigurationName = Release;
		};
/* End XCConfigurationList section */
	};
	rootObject = 000000000000000000000003 /* Project object */;
}
